{
    "_meta": {
        "hash": {
            "sha256": "77e3c6fbdd9dd75372494d5caf1960c6b225e320107a66f82e8adc293df6c91b"
        },
        "pipfile-spec": 6,
        "requires": {
            "python_version": ">=3.9.18"
        },
        "sources": [
            {
                "name": "pypi",
                "url": "https://pypi.org/simple",
                "verify_ssl": true
            }
        ]
    },
    "default": {
        "asgiref": {
            "hashes": [
                "sha256:3e1e3ecc849832fe52ccf2cb6686b7a55f82bb1d6aee72a58826471390335e47",
                "sha256:c343bd80a0bec947a9860adb4c432ffa7db769836c64238fc34bdc3fec84d590"
            ],
            "markers": "python_version >= '3.8'",
            "version": "==3.8.1"
        },
        "certifi": {
            "hashes": [
                "sha256:5a1e7645bc0ec61a09e26c36f6106dd4cf40c6db3a1fb6352b0244e7fb057c7b",
                "sha256:c198e21b1289c2ab85ee4e67bb4b4ef3ead0892059901a8d5b622f24a1101e90"
            ],
            "markers": "python_version >= '3.6'",
            "version": "==2024.7.4"
        },
        "chardet": {
            "hashes": [
                "sha256:1b3b6ff479a8c414bc3fa2c0852995695c4a026dcd6d0633b2dd092ca39c1cf7",
                "sha256:e1cf59446890a00105fe7b7912492ea04b6e6f06d4b742b2c788469e34c82970"
            ],
            "index": "pypi",
            "markers": "python_version >= '3.7'",
            "version": "==5.2.0"
        },
        "charset-normalizer": {
            "hashes": [
                "sha256:06435b539f889b1f6f4ac1758871aae42dc3a8c0e24ac9e60c2384973ad73027",
                "sha256:06a81e93cd441c56a9b65d8e1d043daeb97a3d0856d177d5c90ba85acb3db087",
                "sha256:0a55554a2fa0d408816b3b5cedf0045f4b8e1a6065aec45849de2d6f3f8e9786",
                "sha256:0b2b64d2bb6d3fb9112bafa732def486049e63de9618b5843bcdd081d8144cd8",
                "sha256:10955842570876604d404661fbccbc9c7e684caf432c09c715ec38fbae45ae09",
                "sha256:122c7fa62b130ed55f8f285bfd56d5f4b4a5b503609d181f9ad85e55c89f4185",
                "sha256:1ceae2f17a9c33cb48e3263960dc5fc8005351ee19db217e9b1bb15d28c02574",
                "sha256:1d3193f4a680c64b4b6a9115943538edb896edc190f0b222e73761716519268e",
                "sha256:1f79682fbe303db92bc2b1136016a38a42e835d932bab5b3b1bfcfbf0640e519",
                "sha256:2127566c664442652f024c837091890cb1942c30937add288223dc895793f898",
                "sha256:22afcb9f253dac0696b5a4be4a1c0f8762f8239e21b99680099abd9b2b1b2269",
                "sha256:25baf083bf6f6b341f4121c2f3c548875ee6f5339300e08be3f2b2ba1721cdd3",
                "sha256:2e81c7b9c8979ce92ed306c249d46894776a909505d8f5a4ba55b14206e3222f",
                "sha256:3287761bc4ee9e33561a7e058c72ac0938c4f57fe49a09eae428fd88aafe7bb6",
                "sha256:34d1c8da1e78d2e001f363791c98a272bb734000fcef47a491c1e3b0505657a8",
                "sha256:37e55c8e51c236f95b033f6fb391d7d7970ba5fe7ff453dad675e88cf303377a",
                "sha256:3d47fa203a7bd9c5b6cee4736ee84ca03b8ef23193c0d1ca99b5089f72645c73",
                "sha256:3e4d1f6587322d2788836a99c69062fbb091331ec940e02d12d179c1d53e25fc",
                "sha256:42cb296636fcc8b0644486d15c12376cb9fa75443e00fb25de0b8602e64c1714",
                "sha256:45485e01ff4d3630ec0d9617310448a8702f70e9c01906b0d0118bdf9d124cf2",
                "sha256:4a78b2b446bd7c934f5dcedc588903fb2f5eec172f3d29e52a9096a43722adfc",
                "sha256:4ab2fe47fae9e0f9dee8c04187ce5d09f48eabe611be8259444906793ab7cbce",
                "sha256:4d0d1650369165a14e14e1e47b372cfcb31d6ab44e6e33cb2d4e57265290044d",
                "sha256:549a3a73da901d5bc3ce8d24e0600d1fa85524c10287f6004fbab87672bf3e1e",
                "sha256:55086ee1064215781fff39a1af09518bc9255b50d6333f2e4c74ca09fac6a8f6",
                "sha256:572c3763a264ba47b3cf708a44ce965d98555f618ca42c926a9c1616d8f34269",
                "sha256:573f6eac48f4769d667c4442081b1794f52919e7edada77495aaed9236d13a96",
                "sha256:5b4c145409bef602a690e7cfad0a15a55c13320ff7a3ad7ca59c13bb8ba4d45d",
                "sha256:6463effa3186ea09411d50efc7d85360b38d5f09b870c48e4600f63af490e56a",
                "sha256:65f6f63034100ead094b8744b3b97965785388f308a64cf8d7c34f2f2e5be0c4",
                "sha256:663946639d296df6a2bb2aa51b60a2454ca1cb29835324c640dafb5ff2131a77",
                "sha256:6897af51655e3691ff853668779c7bad41579facacf5fd7253b0133308cf000d",
                "sha256:68d1f8a9e9e37c1223b656399be5d6b448dea850bed7d0f87a8311f1ff3dabb0",
                "sha256:6ac7ffc7ad6d040517be39eb591cac5ff87416c2537df6ba3cba3bae290c0fed",
                "sha256:6b3251890fff30ee142c44144871185dbe13b11bab478a88887a639655be1068",
                "sha256:6c4caeef8fa63d06bd437cd4bdcf3ffefe6738fb1b25951440d80dc7df8c03ac",
                "sha256:6ef1d82a3af9d3eecdba2321dc1b3c238245d890843e040e41e470ffa64c3e25",
                "sha256:753f10e867343b4511128c6ed8c82f7bec3bd026875576dfd88483c5c73b2fd8",
                "sha256:7cd13a2e3ddeed6913a65e66e94b51d80a041145a026c27e6bb76c31a853c6ab",
                "sha256:7ed9e526742851e8d5cc9e6cf41427dfc6068d4f5a3bb03659444b4cabf6bc26",
                "sha256:7f04c839ed0b6b98b1a7501a002144b76c18fb1c1850c8b98d458ac269e26ed2",
                "sha256:802fe99cca7457642125a8a88a084cef28ff0cf9407060f7b93dca5aa25480db",
                "sha256:80402cd6ee291dcb72644d6eac93785fe2c8b9cb30893c1af5b8fdd753b9d40f",
                "sha256:8465322196c8b4d7ab6d1e049e4c5cb460d0394da4a27d23cc242fbf0034b6b5",
                "sha256:86216b5cee4b06df986d214f664305142d9c76df9b6512be2738aa72a2048f99",
                "sha256:87d1351268731db79e0f8e745d92493ee2841c974128ef629dc518b937d9194c",
                "sha256:8bdb58ff7ba23002a4c5808d608e4e6c687175724f54a5dade5fa8c67b604e4d",
                "sha256:8c622a5fe39a48f78944a87d4fb8a53ee07344641b0562c540d840748571b811",
                "sha256:8d756e44e94489e49571086ef83b2bb8ce311e730092d2c34ca8f7d925cb20aa",
                "sha256:8f4a014bc36d3c57402e2977dada34f9c12300af536839dc38c0beab8878f38a",
                "sha256:9063e24fdb1e498ab71cb7419e24622516c4a04476b17a2dab57e8baa30d6e03",
                "sha256:90d558489962fd4918143277a773316e56c72da56ec7aa3dc3dbbe20fdfed15b",
                "sha256:923c0c831b7cfcb071580d3f46c4baf50f174be571576556269530f4bbd79d04",
                "sha256:95f2a5796329323b8f0512e09dbb7a1860c46a39da62ecb2324f116fa8fdc85c",
                "sha256:96b02a3dc4381e5494fad39be677abcb5e6634bf7b4fa83a6dd3112607547001",
                "sha256:9f96df6923e21816da7e0ad3fd47dd8f94b2a5ce594e00677c0013018b813458",
                "sha256:a10af20b82360ab00827f916a6058451b723b4e65030c5a18577c8b2de5b3389",
                "sha256:a50aebfa173e157099939b17f18600f72f84eed3049e743b68ad15bd69b6bf99",
                "sha256:a981a536974bbc7a512cf44ed14938cf01030a99e9b3a06dd59578882f06f985",
                "sha256:a9a8e9031d613fd2009c182b69c7b2c1ef8239a0efb1df3f7c8da66d5dd3d537",
                "sha256:ae5f4161f18c61806f411a13b0310bea87f987c7d2ecdbdaad0e94eb2e404238",
                "sha256:aed38f6e4fb3f5d6bf81bfa990a07806be9d83cf7bacef998ab1a9bd660a581f",
                "sha256:b01b88d45a6fcb69667cd6d2f7a9aeb4bf53760d7fc536bf679ec94fe9f3ff3d",
                "sha256:b261ccdec7821281dade748d088bb6e9b69e6d15b30652b74cbbac25e280b796",
                "sha256:b2b0a0c0517616b6869869f8c581d4eb2dd83a4d79e0ebcb7d373ef9956aeb0a",
                "sha256:b4a23f61ce87adf89be746c8a8974fe1c823c891d8f86eb218bb957c924bb143",
                "sha256:bd8f7df7d12c2db9fab40bdd87a7c09b1530128315d047a086fa3ae3435cb3a8",
                "sha256:beb58fe5cdb101e3a055192ac291b7a21e3b7ef4f67fa1d74e331a7f2124341c",
                "sha256:c002b4ffc0be611f0d9da932eb0f704fe2602a9a949d1f738e4c34c75b0863d5",
                "sha256:c083af607d2515612056a31f0a8d9e0fcb5876b7bfc0abad3ecd275bc4ebc2d5",
                "sha256:c180f51afb394e165eafe4ac2936a14bee3eb10debc9d9e4db8958fe36afe711",
                "sha256:c235ebd9baae02f1b77bcea61bce332cb4331dc3617d254df3323aa01ab47bd4",
                "sha256:cd70574b12bb8a4d2aaa0094515df2463cb429d8536cfb6c7ce983246983e5a6",
                "sha256:d0eccceffcb53201b5bfebb52600a5fb483a20b61da9dbc885f8b103cbe7598c",
                "sha256:d965bba47ddeec8cd560687584e88cf699fd28f192ceb452d1d7ee807c5597b7",
                "sha256:db364eca23f876da6f9e16c9da0df51aa4f104a972735574842618b8c6d999d4",
                "sha256:ddbb2551d7e0102e7252db79ba445cdab71b26640817ab1e3e3648dad515003b",
                "sha256:deb6be0ac38ece9ba87dea880e438f25ca3eddfac8b002a2ec3d9183a454e8ae",
                "sha256:e06ed3eb3218bc64786f7db41917d4e686cc4856944f53d5bdf83a6884432e12",
                "sha256:e27ad930a842b4c5eb8ac0016b0a54f5aebbe679340c26101df33424142c143c",
                "sha256:e537484df0d8f426ce2afb2d0f8e1c3d0b114b83f8850e5f2fbea0e797bd82ae",
                "sha256:eb00ed941194665c332bf8e078baf037d6c35d7c4f3102ea2d4f16ca94a26dc8",
                "sha256:eb6904c354526e758fda7167b33005998fb68c46fbc10e013ca97f21ca5c8887",
                "sha256:eb8821e09e916165e160797a6c17edda0679379a4be5c716c260e836e122f54b",
                "sha256:efcb3f6676480691518c177e3b465bcddf57cea040302f9f4e6e191af91174d4",
                "sha256:f27273b60488abe721a075bcca6d7f3964f9f6f067c8c4c605743023d7d3944f",
                "sha256:f30c3cb33b24454a82faecaf01b19c18562b1e89558fb6c56de4d9118a032fd5",
                "sha256:fb69256e180cb6c8a894fee62b3afebae785babc1ee98b81cdf68bbca1987f33",
                "sha256:fd1abc0d89e30cc4e02e4064dc67fcc51bd941eb395c502aac3ec19fab46b519",
                "sha256:ff8fa367d09b717b2a17a052544193ad76cd49979c805768879cb63d9ca50561"
            ],
            "index": "pypi",
            "markers": "python_full_version >= '3.7.0'",
            "version": "==3.3.2"
        },
        "dateparser": {
            "hashes": [
                "sha256:0b21ad96534e562920a0083e97fd45fa959882d4162acc358705144520a35830",
                "sha256:7975b43a4222283e0ae15be7b4999d08c9a70e2d378ac87385b1ccf2cffbbb30"
            ],
            "index": "pypi",
            "markers": "python_version >= '3.7'",
            "version": "==1.2.0"
        },
        "django": {
            "hashes": [
                "sha256:bd4505cae0b9bd642313e8fb71810893df5dc2ffcacaa67a33af2d5cd61888f2",
                "sha256:f216510ace3de5de01329463a315a629f33480e893a9024fc93d8c32c22913da"
            ],
            "index": "pypi",
            "markers": "python_version >= '3.10'",
            "version": "==5.0.7"
        },
        "django-filter": {
            "hashes": [
                "sha256:c4852822928ce17fb699bcfccd644b3574f1a2d80aeb2b4ff4f16b02dd49dc64",
                "sha256:d8ccaf6732afd21ca0542f6733b11591030fa98669f8d15599b358e24a2cd9c3"
            ],
            "index": "pypi",
            "markers": "python_version >= '3.8'",
            "version": "==24.3"
        },
        "django-shopify-webhook": {
            "hashes": [
                "sha256:9c3199847e66ea9d8680a2149a252eaa9ab81eb835643528ccd86df5417d5794"
            ],
            "index": "pypi",
            "version": "==0.6.0"
        },
        "djangorestframework": {
            "hashes": [
                "sha256:2b8871b062ba1aefc2de01f773875441a961fefbf79f5eed1e32b2f096944b20",
                "sha256:36fe88cd2d6c6bec23dca9804bab2ba5517a8bb9d8f47ebc68981b56840107ad"
            ],
            "index": "pypi",
            "markers": "python_version >= '3.8'",
            "version": "==3.15.2"
        },
        "gunicorn": {
            "hashes": [
                "sha256:350679f91b24062c86e386e198a15438d53a7a8207235a78ba1b53df4c4378d9",
                "sha256:4a0b436239ff76fb33f11c07a16482c521a7e09c1ce3cc293c2330afe01bec63"
            ],
            "index": "pypi",
            "markers": "python_version >= '3.7'",
            "version": "==22.0.0"
        },
        "heroku3": {
            "hashes": [
                "sha256:7a33728b5f63e44312fcd7b378ba7941299dbeb5f16413995bce97486ca65117",
                "sha256:f3553a154e9f595734be5129edf5d91c70c4e0aa58237d1ec584c721fadd0bcf"
            ],
            "index": "pypi",
            "version": "==5.2.1"
        },
        "idna": {
            "hashes": [
                "sha256:028ff3aadf0609c1fd278d8ea3089299412a7a8b9bd005dd08b9f8285bcb5cfc",
                "sha256:82fee1fc78add43492d3a1898bfa6d8a904cc97d8427f683ed8e798d07761aa0"
            ],
            "markers": "python_version >= '3.5'",
            "version": "==3.7"
        },
        "jellyfish": {
            "hashes": [
                "sha256:017c794b89d827d0306cb056fc5fbd040ff558a90ff0e68a6b60d6e6ba661fe3",
                "sha256:04bf33577059afba33227977e4a2c08ccb954eb77c849fde564af3e31ee509d9",
                "sha256:065a59ab0d02969d45e5ab4b0315ed6f5977a4eb8eaef24f2589e25b85822d18",
                "sha256:0a4b526ed2080b97431454075c46c19baddc944e95cc605248e32a2a07be231e",
                "sha256:0fa7450c3217724b73099cb18ee594926fcbc1cc4d9964350f31a4c1dc267b35",
                "sha256:125e9bfd1cc2c053eae3afa04fa142bbc8b3c1290a40a3416271b221f7e6bc87",
                "sha256:12ae67e9016c9a173453023fd7b400ec002bbc106c12722d914c53951acfa190",
                "sha256:1a4678a2623cc83fde7ff683ba78d308edf7e54a1c81dd295cdf525761b9fcc1",
                "sha256:1a90889fdb96ca27fc176e19a472c736e044d7190c924d9b7cfb0444881f921c",
                "sha256:24f91daaa515284cdb691b1e01b0f91f9c9e51e685420725a1ded4f54d5376ff",
                "sha256:273fdc362ccdb09259eec9bc4abdc2467d9a54bd94d05ae22e71423dd1357255",
                "sha256:2a2eec494c81dc1eb23dfef543110dad1873538eccaffabea8520bdac8aecbc1",
                "sha256:2b928bad2887c662783a4d9b5828ed1fa0e943f680589f7fc002c456fc02e184",
                "sha256:2fcaefebe9d67f282d89d3a66646b77184a42b3eca2771636789b2dc1288c003",
                "sha256:327496501a44fbdfe0602fdc6a7d4317a7598202f1f652c9c4f0a49529a385cd",
                "sha256:33ebb6e9647d5d52f4d461a163449f6d1c73f1a80ccbe98bb17efac0062a6423",
                "sha256:3e59a4c3bf0847dfff44195a4c250bc9e281b1c403f6212534ee36fc7c913dc1",
                "sha256:3f12cb59b3266e37ec47bd7c2c37faadc74ae8ccdc0190444daeafda3bd93da2",
                "sha256:49f2be59573b22d0adb615585ff66ca050198ec1f9f6784eec168bcd8137caf5",
                "sha256:4a5199583a956d313be825972d7c14a0d9e455884acd12c03d05e4272c6c3bb8",
                "sha256:4e17885647f3a0faf1518cf6b319865b2e84439cfc16a3ea14468513c0fba227",
                "sha256:54effec80c7a5013bea8e2ea6cd87fdd35a2c5b35f86ccf69ec33f4212245f25",
                "sha256:5c5ed62b23093b11de130c3fe1b381a2d3bfaf086757fa21341ac6f30a353e92",
                "sha256:61a382ba8a3d3cd0bd50029062d54d3a0726679be248789fef6a3901eee47a60",
                "sha256:61cded25b47fe6b4c2ea9478c0a5a7531845218525a1b2627c67907ee9fe9b15",
                "sha256:623fa58cca9b8e594a46e7b9cf3af629588a202439d97580a153d6af24736a1b",
                "sha256:65e58350618ebb1488246998a7356a8c9a7c839ec3ecfe936df55be6776fc173",
                "sha256:6662152bf510cc7daef18965dd80cfa98710b479bda87a3170c86c4e0a6dc1ab",
                "sha256:684c2093fa0d68a91146e15a1e9ca859259b19d3bc36ec4d60948d86751f744e",
                "sha256:6b438b3d7f970cfd8f77b30b05694537a54c08f3775b35debae45ff5a469f1a5",
                "sha256:755b68920a839f9e2b4813f0990a8dadcc9a24980bb29839f636ab5e36aaa256",
                "sha256:759172602343115f910d7c63b39239051e32425115bc31ab4dafdaf6177f880c",
                "sha256:7cd4b706cb6c4739846d78a398c67996cb451b09a732a625793cfe8d4f37af1b",
                "sha256:828a7000d369cbd4d812b88510c01fdab20b73dc54c63cdbe03bdff67ab362d0",
                "sha256:84680353261161c627cbdd622ea4243e3d3da75894bfacc2f3fcbbe56e8e59d4",
                "sha256:84ea543d05e6b7a7a704d45ebd9c753e2425da01fc5000ddc149031be541c4d5",
                "sha256:84fa4e72b7754060d352604e07ea89af98403b0436caad443276ae46135b7fd7",
                "sha256:87dc2a82c45b773a579fb695a5956a54106c1187f27c9ccee8508726d2e59cfc",
                "sha256:8b2faf015e86a9efd5679b3abde83cbd8f3104b9e89445aa76b8481b206b3e67",
                "sha256:936df26c10ca6cd6b4f0fb97753087354c568e2129c197cbb4e0f0172db7511f",
                "sha256:95dfe61eabf360a92e6d76d1c4dbafa29bcb3f70e2ad7354de2661141fcce038",
                "sha256:a87e4a17006f7cdd7027a053aeeaacfb0b3366955e242cd5b74bbf882bafe022",
                "sha256:b0dc9f1bb335b6caa412c3d27028e25d315ef2bc993d425db93e451d7bc28056",
                "sha256:b2512ab6a1625a168796faaa159e1d1b8847cb3d0cc2b1b09ae77ff0623e7d10",
                "sha256:b557b8e1fdad4a36f467ee44f5532a4a13e5300b93b2b5e70ff75d0d16458132",
                "sha256:b5c34d12730d912bafab9f6daaa7fb2c6fa6afc0a8fc2c4cdc017df485d8d843",
                "sha256:b5fec525f15b39687dbfd75589333df4e6f6d15d3b1e0ada02bf206363dfd2af",
                "sha256:b73efda07d52a1583afb8915a5f9feb017d0b60ae6d03071b21cc4f0a8a08ec1",
                "sha256:b868da3186306efb48fbd8a8dee0a742a5c8bc9c4c74aa5003914a8600435ba8",
                "sha256:bcc2cb1f007ddfad2f9175a8c1f934a8a0a6cc73187e2339fe1a4b3fd90b263e",
                "sha256:bd5c335f8d762447691dc0572f4eaf0cfdfbfffb6dce740341425ab1b32134ff",
                "sha256:c01cdf0d52d07e07fb0dfa2b3c03ca3b5a07088f08b38b06376ed228d842e501",
                "sha256:c0d1e6bac549cc2919b83d0ebe26566404ae3dfef5ef86229d1d826e3aeaba4b",
                "sha256:c42aa02e791d3e5a8fc6a96bec9f64ebbb2afef27b01eca201b56132e3d0c64e",
                "sha256:c58988138666b1cd860004c1afc7a09bb402e71e16e1f324be5c5d2b85fdfa3e",
                "sha256:c7ea99734b7767243b5b98eca953f0d719b48b0d630af3965638699728ef7523",
                "sha256:ca252e6088c6afe5f8138ce9f557157ad0329f0610914ba50729c641d57cd662",
                "sha256:cc16a60a42f1541ad9c13c72c797107388227f01189aa3c0ec7ee9b939e57ea8",
                "sha256:cf8d26c3735b5c2764cc53482dec14bb9b794ba829db3cd4c9a29d194a61cada",
                "sha256:d977a1e0fa3814d517b16d58a39a16e449bbd900b966dd921e770d0fd67bfa45",
                "sha256:e250dc1074d730a03c96ac9dfce44716cf45e0e2825cbddaf32a015cdf9cf594",
                "sha256:e41677ec860454da5977c698fc64fed73b4054a92c5c62ba7d1af535f8082ac7",
                "sha256:e447e3807c73aeda7b592919c105bf98ce0297a228aff68aafe4fe70a39b9a78",
                "sha256:e4a8fff36462bf1bdaa339d58fadd7e79a63690902e6d7ddd65a84efc3a4cc6d",
                "sha256:e512c99941a257541ffd9f75c7a5c4689de0206841b72f1eb015599d17fed2c3",
                "sha256:e965241e54f9cb9be6fe8f7a1376b6cc61ff831de017bde9150156771820f669",
                "sha256:e9d4002d01252f18eb26f28b66f6c9ce0696221804d8769553c5912b2f221a18",
                "sha256:efd342f9d4fb0ead8a3c30fe26e442308fb665ca37f4aa97baf448d814469bf1",
                "sha256:f10fa36491840bda29f2164cc49e61244ea27c5db5a66aaa437724f5626f5610",
                "sha256:f341d0582ecac0aa73f380056dc8d25d8a60104f94debe8bf3f924a32a11588d",
                "sha256:f747f34071e1558151b342a2bf96b813e04b5384024ba7c50f3c907fbaab484f",
                "sha256:feb1fa5838f2bb6dbc9f6d07dabf4b9d91e130b289d72bd70dc33b651667688f",
                "sha256:fed2e4ecf9b4995d2aa771453d0a0fdf47a5e1b13dbd74b98a30cb0070ede30c"
            ],
            "markers": "python_version >= '3.7'",
            "version": "==1.1.0"
        },
        "jinja2": {
            "hashes": [
                "sha256:4a3aee7acbbe7303aede8e9648d13b8bf88a429282aa6122a993f0ac800cb369",
                "sha256:bc5dd2abb727a5319567b7a813e6a2e7318c39f4f487cfe6c89c6f9c7d25197d"
            ],
            "index": "pypi",
            "markers": "python_version >= '3.7'",
            "version": "==3.1.4"
        },
        "jmespath": {
            "hashes": [
                "sha256:02e2e4cc71b5bcab88332eebf907519190dd9e6e82107fa7f83b1003a6252980",
                "sha256:90261b206d6defd58fdd5e85f478bf633a2901798906be2ad389150c5c60edbe"
            ],
            "index": "pypi",
            "markers": "python_version >= '3.7'",
            "version": "==1.0.1"
        },
        "markdown": {
            "hashes": [
                "sha256:48f276f4d8cfb8ce6527c8f79e2ee29708508bf4d40aa410fbc3b4ee832c850f",
                "sha256:ed4f41f6daecbeeb96e576ce414c41d2d876daa9a16cb35fa8ed8c2ddfad0224"
            ],
            "index": "pypi",
            "markers": "python_version >= '3.8'",
            "version": "==3.6"
        },
        "markupsafe": {
            "hashes": [
                "sha256:00e046b6dd71aa03a41079792f8473dc494d564611a8f89bbbd7cb93295ebdcf",
                "sha256:075202fa5b72c86ad32dc7d0b56024ebdbcf2048c0ba09f1cde31bfdd57bcfff",
                "sha256:0e397ac966fdf721b2c528cf028494e86172b4feba51d65f81ffd65c63798f3f",
                "sha256:17b950fccb810b3293638215058e432159d2b71005c74371d784862b7e4683f3",
                "sha256:1f3fbcb7ef1f16e48246f704ab79d79da8a46891e2da03f8783a5b6fa41a9532",
                "sha256:2174c595a0d73a3080ca3257b40096db99799265e1c27cc5a610743acd86d62f",
                "sha256:2b7c57a4dfc4f16f7142221afe5ba4e093e09e728ca65c51f5620c9aaeb9a617",
                "sha256:2d2d793e36e230fd32babe143b04cec8a8b3eb8a3122d2aceb4a371e6b09b8df",
                "sha256:30b600cf0a7ac9234b2638fbc0fb6158ba5bdcdf46aeb631ead21248b9affbc4",
                "sha256:397081c1a0bfb5124355710fe79478cdbeb39626492b15d399526ae53422b906",
                "sha256:3a57fdd7ce31c7ff06cdfbf31dafa96cc533c21e443d57f5b1ecc6cdc668ec7f",
                "sha256:3c6b973f22eb18a789b1460b4b91bf04ae3f0c4234a0a6aa6b0a92f6f7b951d4",
                "sha256:3e53af139f8579a6d5f7b76549125f0d94d7e630761a2111bc431fd820e163b8",
                "sha256:4096e9de5c6fdf43fb4f04c26fb114f61ef0bf2e5604b6ee3019d51b69e8c371",
                "sha256:4275d846e41ecefa46e2015117a9f491e57a71ddd59bbead77e904dc02b1bed2",
                "sha256:4c31f53cdae6ecfa91a77820e8b151dba54ab528ba65dfd235c80b086d68a465",
                "sha256:4f11aa001c540f62c6166c7726f71f7573b52c68c31f014c25cc7901deea0b52",
                "sha256:5049256f536511ee3f7e1b3f87d1d1209d327e818e6ae1365e8653d7e3abb6a6",
                "sha256:58c98fee265677f63a4385256a6d7683ab1832f3ddd1e66fe948d5880c21a169",
                "sha256:598e3276b64aff0e7b3451b72e94fa3c238d452e7ddcd893c3ab324717456bad",
                "sha256:5b7b716f97b52c5a14bffdf688f971b2d5ef4029127f1ad7a513973cfd818df2",
                "sha256:5dedb4db619ba5a2787a94d877bc8ffc0566f92a01c0ef214865e54ecc9ee5e0",
                "sha256:619bc166c4f2de5caa5a633b8b7326fbe98e0ccbfacabd87268a2b15ff73a029",
                "sha256:629ddd2ca402ae6dbedfceeba9c46d5f7b2a61d9749597d4307f943ef198fc1f",
                "sha256:656f7526c69fac7f600bd1f400991cc282b417d17539a1b228617081106feb4a",
                "sha256:6ec585f69cec0aa07d945b20805be741395e28ac1627333b1c5b0105962ffced",
                "sha256:72b6be590cc35924b02c78ef34b467da4ba07e4e0f0454a2c5907f473fc50ce5",
                "sha256:7502934a33b54030eaf1194c21c692a534196063db72176b0c4028e140f8f32c",
                "sha256:7a68b554d356a91cce1236aa7682dc01df0edba8d043fd1ce607c49dd3c1edcf",
                "sha256:7b2e5a267c855eea6b4283940daa6e88a285f5f2a67f2220203786dfa59b37e9",
                "sha256:823b65d8706e32ad2df51ed89496147a42a2a6e01c13cfb6ffb8b1e92bc910bb",
                "sha256:8590b4ae07a35970728874632fed7bd57b26b0102df2d2b233b6d9d82f6c62ad",
                "sha256:8dd717634f5a044f860435c1d8c16a270ddf0ef8588d4887037c5028b859b0c3",
                "sha256:8dec4936e9c3100156f8a2dc89c4b88d5c435175ff03413b443469c7c8c5f4d1",
                "sha256:97cafb1f3cbcd3fd2b6fbfb99ae11cdb14deea0736fc2b0952ee177f2b813a46",
                "sha256:a17a92de5231666cfbe003f0e4b9b3a7ae3afb1ec2845aadc2bacc93ff85febc",
                "sha256:a549b9c31bec33820e885335b451286e2969a2d9e24879f83fe904a5ce59d70a",
                "sha256:ac07bad82163452a6884fe8fa0963fb98c2346ba78d779ec06bd7a6262132aee",
                "sha256:ae2ad8ae6ebee9d2d94b17fb62763125f3f374c25618198f40cbb8b525411900",
                "sha256:b91c037585eba9095565a3556f611e3cbfaa42ca1e865f7b8015fe5c7336d5a5",
                "sha256:bc1667f8b83f48511b94671e0e441401371dfd0f0a795c7daa4a3cd1dde55bea",
                "sha256:bec0a414d016ac1a18862a519e54b2fd0fc8bbfd6890376898a6c0891dd82e9f",
                "sha256:bf50cd79a75d181c9181df03572cdce0fbb75cc353bc350712073108cba98de5",
                "sha256:bff1b4290a66b490a2f4719358c0cdcd9bafb6b8f061e45c7a2460866bf50c2e",
                "sha256:c061bb86a71b42465156a3ee7bd58c8c2ceacdbeb95d05a99893e08b8467359a",
                "sha256:c8b29db45f8fe46ad280a7294f5c3ec36dbac9491f2d1c17345be8e69cc5928f",
                "sha256:ce409136744f6521e39fd8e2a24c53fa18ad67aa5bc7c2cf83645cce5b5c4e50",
                "sha256:d050b3361367a06d752db6ead6e7edeb0009be66bc3bae0ee9d97fb326badc2a",
                "sha256:d283d37a890ba4c1ae73ffadf8046435c76e7bc2247bbb63c00bd1a709c6544b",
                "sha256:d9fad5155d72433c921b782e58892377c44bd6252b5af2f67f16b194987338a4",
                "sha256:daa4ee5a243f0f20d528d939d06670a298dd39b1ad5f8a72a4275124a7819eff",
                "sha256:db0b55e0f3cc0be60c1f19efdde9a637c32740486004f20d1cff53c3c0ece4d2",
                "sha256:e61659ba32cf2cf1481e575d0462554625196a1f2fc06a1c777d3f48e8865d46",
                "sha256:ea3d8a3d18833cf4304cd2fc9cbb1efe188ca9b5efef2bdac7adc20594a0e46b",
                "sha256:ec6a563cff360b50eed26f13adc43e61bc0c04d94b8be985e6fb24b81f6dcfdf",
                "sha256:f5dfb42c4604dddc8e4305050aa6deb084540643ed5804d7455b5df8fe16f5e5",
                "sha256:fa173ec60341d6bb97a89f5ea19c85c5643c1e7dedebc22f5181eb73573142c5",
                "sha256:fa9db3f79de01457b03d4f01b34cf91bc0048eb2c3846ff26f66687c2f6d16ab",
                "sha256:fce659a462a1be54d2ffcacea5e3ba2d74daa74f30f5f143fe0c58636e355fdd",
                "sha256:ffee1f21e5ef0d712f9033568f8344d5da8cc2869dbd08d87c84656e6a2d2f68"
            ],
            "markers": "python_version >= '3.7'",
            "version": "==2.1.5"
        },
        "mysql-connector-python": {
            "hashes": [
                "sha256:016d81bb1499dee8b77c82464244e98f10d3671ceefb4023adc559267d1fad50",
                "sha256:052058cf3dc0bf183ab522132f3b18a614a26f3e392ae886efcdab38d4f4fc42",
                "sha256:134b71e439e2eafaee4c550365221ae2890dd54fb76227c64a87a94a07fe79b4",
                "sha256:2a8f451c4d700802fdfe515890c14974766c322213df2ceed3b27752929dc70f",
                "sha256:2dcf05355315e5c7c81e9eca34395d78f29c4da3662e869e42dd7b16380f92ce",
                "sha256:38c229d76cd1dea8465357855f2b2842b7a9b201f17dea13b0eab7d3b9d6ad74",
                "sha256:67fc2b2e67a63963c633fc884f285a8de5a626967a3cc5f5d48ac3e8d15b122d",
                "sha256:6d92c58f71c691f86ad35bb2f3e13d7a9cc1c84ce0b04c146e5980e450faeff1",
                "sha256:72bfd0213364c2bea0244f6432ababb2f204cff43f4f886c65dca2be11f536ee",
                "sha256:7af7f68198f2aca3a520e1201fe2b329331e0ca19a481f3b3451cb0746f56c01",
                "sha256:823190e7f2a9b4bcc574ab6bb72a33802933e1a8c171594faad90162d2d27758",
                "sha256:853c5916d188ef2c357a474e15ac81cafae6085e599ceb9b2b0bcb9104118e63",
                "sha256:8a404db37864acca43fd76222d1fbc7ff8d17d4ce02d803289c2141c2693ce9e",
                "sha256:9199d6ecc81576602990178f0c2fb71737c53a598c8a2f51e1097a53fcfaee40",
                "sha256:933c3e39d30cc6f9ff636d27d18aa3f1341b23d803ade4b57a76f91c26d14066",
                "sha256:a48534b881c176557ddc78527c8c75b4c9402511e972670ad33c5e49d31eddfe",
                "sha256:a688ea65b2ea771b9b69dc409377240a7cab7c1aafef46cd75219d5a94ba49e0",
                "sha256:ac92b2f2a9307ac0c4aafdfcf7ecf01ec92dfebd9140f8c95353adfbf5822cd4",
                "sha256:b267a6c000b7f98e6436a9acefa5582a9662e503b0632a2562e3093a677f6845",
                "sha256:b8639d8aa381a7d19b92ca1a32448f09baaf80787e50187d1f7d072191430768",
                "sha256:c01aad36f0c34ca3f642018be37fd0d55c546f088837cba88f1a1aff408c63dd",
                "sha256:ca8349fe56ce39498d9b5ca8eabba744774e94d85775259f26a43a03e8825429",
                "sha256:ced1fa55e653d28f66c4f3569ed524d4d92098119dcd80c2fa026872a30eba55",
                "sha256:e90a7b96ce2c6a60f6e2609b0c83f45bd55e144cc7c2a9714e344938827da363",
                "sha256:eacc353dcf6f39665d4ca3311ded5ddae0f5a117f03107991d4185ffa59fd890",
                "sha256:f41cb8da8bb487ed60329ac31789c50621f0e6d2c26abc7d4ae2383838fb1b93"
            ],
            "index": "pypi",
            "markers": "python_version >= '3.8'",
            "version": "==9.0.0"
        },
        "mysqlclient": {
            "hashes": [
                "sha256:329e4eec086a2336fe3541f1ce095d87a6f169d1cc8ba7b04ac68bcb234c9711",
                "sha256:33bc9fb3464e7d7c10b1eaf7336c5ff8f2a3d3b88bab432116ad2490beb3bf41",
                "sha256:3c318755e06df599338dad7625f884b8a71fcf322a9939ef78c9b3db93e1de7a",
                "sha256:4e80dcad884dd6e14949ac6daf769123223a52a6805345608bf49cdaf7bc8b3a",
                "sha256:9d3310295cb682232cadc28abd172f406c718b9ada41d2371259098ae37779d3",
                "sha256:9d4c015480c4a6b2b1602eccd9846103fc70606244788d04aa14b31c4bd1f0e2",
                "sha256:ac44777eab0a66c14cb0d38965572f762e193ec2e5c0723bcd11319cc5b693c5",
                "sha256:d43987bb9626096a302ca6ddcdd81feaeca65ced1d5fe892a6a66b808326aa54",
                "sha256:e1ebe3f41d152d7cb7c265349fdb7f1eca86ccb0ca24a90036cde48e00ceb2ab"
            ],
            "index": "pypi",
            "markers": "python_version >= '3.8'",
            "version": "==2.2.4"
        },
        "packaging": {
            "hashes": [
                "sha256:026ed72c8ed3fcce5bf8950572258698927fd1dbda10a5e981cdf0ac37f4f002",
                "sha256:5b8f2217dbdbd2f7f384c41c628544e6d52f2d0f53c6d0c3ea61aa5d1d7ff124"
            ],
            "markers": "python_version >= '3.8'",
            "version": "==24.1"
        },
        "pyactiveresource": {
            "hashes": [
                "sha256:2f03844652dc206d9a086b0b15564d78dcec55786fa5fe0055dd2119e0dffdd8"
            ],
            "version": "==2.2.2"
        },
        "pyjwt": {
            "hashes": [
                "sha256:3b02fb0f44517787776cf48f2ae25d8e14f300e6d7545a4315cee571a415e850",
                "sha256:7e1e5b56cc735432a7369cbfa0efe50fa113ebecdc04ae6922deba8b84582d0c"
            ],
            "markers": "python_version >= '3.8'",
            "version": "==2.9.0"
        },
        "python-dateutil": {
            "hashes": [
                "sha256:37dd54208da7e1cd875388217d5e00ebd4179249f90fb72437e91a35459a0ad3",
                "sha256:a8b2bc7bffae282281c8140a97d3aa9c14da0b136dfe83f850eea9a5f7470427"
            ],
            "markers": "python_version >= '2.7' and python_version not in '3.0, 3.1, 3.2, 3.3'",
            "version": "==2.9.0.post0"
        },
        "python-slugify": {
            "hashes": [
                "sha256:276540b79961052b66b7d116620b36518847f52d5fd9e3a70164fc8c50faa6b8",
                "sha256:59202371d1d05b54a9e7720c5e038f928f45daaffe41dd10822f3907b937c856"
            ],
            "index": "pypi",
            "markers": "python_version >= '3.7'",
            "version": "==8.0.4"
        },
        "pytz": {
            "hashes": [
                "sha256:2a29735ea9c18baf14b448846bde5a48030ed267578472d8955cd0e7443a9812",
                "sha256:328171f4e3623139da4983451950b28e95ac706e13f3f2630a879749e7a8b319"
            ],
            "version": "==2024.1"
        },
        "pyyaml": {
            "hashes": [
                "sha256:04ac92ad1925b2cff1db0cfebffb6ffc43457495c9b3c39d3fcae417d7125dc5",
                "sha256:062582fca9fabdd2c8b54a3ef1c978d786e0f6b3a1510e0ac93ef59e0ddae2bc",
                "sha256:0d3304d8c0adc42be59c5f8a4d9e3d7379e6955ad754aa9d6ab7a398b59dd1df",
                "sha256:1635fd110e8d85d55237ab316b5b011de701ea0f29d07611174a1b42f1444741",
                "sha256:184c5108a2aca3c5b3d3bf9395d50893a7ab82a38004c8f61c258d4428e80206",
                "sha256:18aeb1bf9a78867dc38b259769503436b7c72f7a1f1f4c93ff9a17de54319b27",
                "sha256:1d4c7e777c441b20e32f52bd377e0c409713e8bb1386e1099c2415f26e479595",
                "sha256:1e2722cc9fbb45d9b87631ac70924c11d3a401b2d7f410cc0e3bbf249f2dca62",
                "sha256:1fe35611261b29bd1de0070f0b2f47cb6ff71fa6595c077e42bd0c419fa27b98",
                "sha256:28c119d996beec18c05208a8bd78cbe4007878c6dd15091efb73a30e90539696",
                "sha256:326c013efe8048858a6d312ddd31d56e468118ad4cdeda36c719bf5bb6192290",
                "sha256:40df9b996c2b73138957fe23a16a4f0ba614f4c0efce1e9406a184b6d07fa3a9",
                "sha256:42f8152b8dbc4fe7d96729ec2b99c7097d656dc1213a3229ca5383f973a5ed6d",
                "sha256:49a183be227561de579b4a36efbb21b3eab9651dd81b1858589f796549873dd6",
                "sha256:4fb147e7a67ef577a588a0e2c17b6db51dda102c71de36f8549b6816a96e1867",
                "sha256:50550eb667afee136e9a77d6dc71ae76a44df8b3e51e41b77f6de2932bfe0f47",
                "sha256:510c9deebc5c0225e8c96813043e62b680ba2f9c50a08d3724c7f28a747d1486",
                "sha256:5773183b6446b2c99bb77e77595dd486303b4faab2b086e7b17bc6bef28865f6",
                "sha256:596106435fa6ad000c2991a98fa58eeb8656ef2325d7e158344fb33864ed87e3",
                "sha256:6965a7bc3cf88e5a1c3bd2e0b5c22f8d677dc88a455344035f03399034eb3007",
                "sha256:69b023b2b4daa7548bcfbd4aa3da05b3a74b772db9e23b982788168117739938",
                "sha256:6c22bec3fbe2524cde73d7ada88f6566758a8f7227bfbf93a408a9d86bcc12a0",
                "sha256:704219a11b772aea0d8ecd7058d0082713c3562b4e271b849ad7dc4a5c90c13c",
                "sha256:7e07cbde391ba96ab58e532ff4803f79c4129397514e1413a7dc761ccd755735",
                "sha256:81e0b275a9ecc9c0c0c07b4b90ba548307583c125f54d5b6946cfee6360c733d",
                "sha256:855fb52b0dc35af121542a76b9a84f8d1cd886ea97c84703eaa6d88e37a2ad28",
                "sha256:8d4e9c88387b0f5c7d5f281e55304de64cf7f9c0021a3525bd3b1c542da3b0e4",
                "sha256:9046c58c4395dff28dd494285c82ba00b546adfc7ef001486fbf0324bc174fba",
                "sha256:9eb6caa9a297fc2c2fb8862bc5370d0303ddba53ba97e71f08023b6cd73d16a8",
                "sha256:a08c6f0fe150303c1c6b71ebcd7213c2858041a7e01975da3a99aed1e7a378ef",
                "sha256:a0cd17c15d3bb3fa06978b4e8958dcdc6e0174ccea823003a106c7d4d7899ac5",
                "sha256:afd7e57eddb1a54f0f1a974bc4391af8bcce0b444685d936840f125cf046d5bd",
                "sha256:b1275ad35a5d18c62a7220633c913e1b42d44b46ee12554e5fd39c70a243d6a3",
                "sha256:b786eecbdf8499b9ca1d697215862083bd6d2a99965554781d0d8d1ad31e13a0",
                "sha256:ba336e390cd8e4d1739f42dfe9bb83a3cc2e80f567d8805e11b46f4a943f5515",
                "sha256:baa90d3f661d43131ca170712d903e6295d1f7a0f595074f151c0aed377c9b9c",
                "sha256:bc1bf2925a1ecd43da378f4db9e4f799775d6367bdb94671027b73b393a7c42c",
                "sha256:bd4af7373a854424dabd882decdc5579653d7868b8fb26dc7d0e99f823aa5924",
                "sha256:bf07ee2fef7014951eeb99f56f39c9bb4af143d8aa3c21b1677805985307da34",
                "sha256:bfdf460b1736c775f2ba9f6a92bca30bc2095067b8a9d77876d1fad6cc3b4a43",
                "sha256:c8098ddcc2a85b61647b2590f825f3db38891662cfc2fc776415143f599bb859",
                "sha256:d2b04aac4d386b172d5b9692e2d2da8de7bfb6c387fa4f801fbf6fb2e6ba4673",
                "sha256:d483d2cdf104e7c9fa60c544d92981f12ad66a457afae824d146093b8c294c54",
                "sha256:d858aa552c999bc8a8d57426ed01e40bef403cd8ccdd0fc5f6f04a00414cac2a",
                "sha256:e7d73685e87afe9f3b36c799222440d6cf362062f78be1013661b00c5c6f678b",
                "sha256:f003ed9ad21d6a4713f0a9b5a7a0a79e08dd0f221aff4525a2be4c346ee60aab",
                "sha256:f22ac1c3cac4dbc50079e965eba2c1058622631e526bd9afd45fedd49ba781fa",
                "sha256:faca3bdcf85b2fc05d06ff3fbc1f83e1391b3e724afa3feba7d13eeab355484c",
                "sha256:fca0e3a251908a499833aa292323f32437106001d436eca0e6e7833256674585",
                "sha256:fd1592b3fdf65fff2ad0004b5e363300ef59ced41c2e6b3a99d4089fa8c5435d",
                "sha256:fd66fc5d0da6d9815ba2cebeb4205f95818ff4b79c3ebe268e75d961704af52f"
            ],
            "markers": "python_version < '3.12'",
            "version": "==6.0.1"
        },
        "regex": {
            "hashes": [
                "sha256:01b689e887f612610c869421241e075c02f2e3d1ae93a037cb14f88ab6a8934c",
                "sha256:04ce29e2c5fedf296b1a1b0acc1724ba93a36fb14031f3abfb7abda2806c1535",
                "sha256:0ffe3f9d430cd37d8fa5632ff6fb36d5b24818c5c986893063b4e5bdb84cdf24",
                "sha256:18300a1d78cf1290fa583cd8b7cde26ecb73e9f5916690cf9d42de569c89b1ce",
                "sha256:185e029368d6f89f36e526764cf12bf8d6f0e3a2a7737da625a76f594bdfcbfc",
                "sha256:19c65b00d42804e3fbea9708f0937d157e53429a39b7c61253ff15670ff62cb5",
                "sha256:228b0d3f567fafa0633aee87f08b9276c7062da9616931382993c03808bb68ce",
                "sha256:23acc72f0f4e1a9e6e9843d6328177ae3074b4182167e34119ec7233dfeccf53",
                "sha256:25419b70ba00a16abc90ee5fce061228206173231f004437730b67ac77323f0d",
                "sha256:2dfbb8baf8ba2c2b9aa2807f44ed272f0913eeeba002478c4577b8d29cde215c",
                "sha256:2f1baff13cc2521bea83ab2528e7a80cbe0ebb2c6f0bfad15be7da3aed443908",
                "sha256:33e2614a7ce627f0cdf2ad104797d1f68342d967de3695678c0cb84f530709f8",
                "sha256:3426de3b91d1bc73249042742f45c2148803c111d1175b283270177fdf669024",
                "sha256:382281306e3adaaa7b8b9ebbb3ffb43358a7bbf585fa93821300a418bb975281",
                "sha256:3d974d24edb231446f708c455fd08f94c41c1ff4f04bcf06e5f36df5ef50b95a",
                "sha256:3f3b6ca8eae6d6c75a6cff525c8530c60e909a71a15e1b731723233331de4169",
                "sha256:3fac296f99283ac232d8125be932c5cd7644084a30748fda013028c815ba3364",
                "sha256:416c0e4f56308f34cdb18c3f59849479dde5b19febdcd6e6fa4d04b6c31c9faa",
                "sha256:438d9f0f4bc64e8dea78274caa5af971ceff0f8771e1a2333620969936ba10be",
                "sha256:43affe33137fcd679bdae93fb25924979517e011f9dea99163f80b82eadc7e53",
                "sha256:44fc61b99035fd9b3b9453f1713234e5a7c92a04f3577252b45feefe1b327759",
                "sha256:45104baae8b9f67569f0f1dca5e1f1ed77a54ae1cd8b0b07aba89272710db61e",
                "sha256:4fdd1384619f406ad9037fe6b6eaa3de2749e2e12084abc80169e8e075377d3b",
                "sha256:538d30cd96ed7d1416d3956f94d54e426a8daf7c14527f6e0d6d425fcb4cca52",
                "sha256:558a57cfc32adcf19d3f791f62b5ff564922942e389e3cfdb538a23d65a6b610",
                "sha256:5eefee9bfe23f6df09ffb6dfb23809f4d74a78acef004aa904dc7c88b9944b05",
                "sha256:64bd50cf16bcc54b274e20235bf8edbb64184a30e1e53873ff8d444e7ac656b2",
                "sha256:65fd3d2e228cae024c411c5ccdffae4c315271eee4a8b839291f84f796b34eca",
                "sha256:66b4c0731a5c81921e938dcf1a88e978264e26e6ac4ec96a4d21ae0354581ae0",
                "sha256:68a8f8c046c6466ac61a36b65bb2395c74451df2ffb8458492ef49900efed293",
                "sha256:6a1141a1dcc32904c47f6846b040275c6e5de0bf73f17d7a409035d55b76f289",
                "sha256:6b9fc7e9cc983e75e2518496ba1afc524227c163e43d706688a6bb9eca41617e",
                "sha256:6f51f9556785e5a203713f5efd9c085b4a45aecd2a42573e2b5041881b588d1f",
                "sha256:7214477bf9bd195894cf24005b1e7b496f46833337b5dedb7b2a6e33f66d962c",
                "sha256:731fcd76bbdbf225e2eb85b7c38da9633ad3073822f5ab32379381e8c3c12e94",
                "sha256:74007a5b25b7a678459f06559504f1eec2f0f17bca218c9d56f6a0a12bfffdad",
                "sha256:7a5486ca56c8869070a966321d5ab416ff0f83f30e0e2da1ab48815c8d165d46",
                "sha256:7c479f5ae937ec9985ecaf42e2e10631551d909f203e31308c12d703922742f9",
                "sha256:7df9ea48641da022c2a3c9c641650cd09f0cd15e8908bf931ad538f5ca7919c9",
                "sha256:7e37e809b9303ec3a179085415cb5f418ecf65ec98cdfe34f6a078b46ef823ee",
                "sha256:80c811cfcb5c331237d9bad3bea2c391114588cf4131707e84d9493064d267f9",
                "sha256:836d3cc225b3e8a943d0b02633fb2f28a66e281290302a79df0e1eaa984ff7c1",
                "sha256:84c312cdf839e8b579f504afcd7b65f35d60b6285d892b19adea16355e8343c9",
                "sha256:86b17ba823ea76256b1885652e3a141a99a5c4422f4a869189db328321b73799",
                "sha256:871e3ab2838fbcb4e0865a6e01233975df3a15e6fce93b6f99d75cacbd9862d1",
                "sha256:88ecc3afd7e776967fa16c80f974cb79399ee8dc6c96423321d6f7d4b881c92b",
                "sha256:8bc593dcce679206b60a538c302d03c29b18e3d862609317cb560e18b66d10cf",
                "sha256:8fd5afd101dcf86a270d254364e0e8dddedebe6bd1ab9d5f732f274fa00499a5",
                "sha256:945352286a541406f99b2655c973852da7911b3f4264e010218bbc1cc73168f2",
                "sha256:973335b1624859cb0e52f96062a28aa18f3a5fc77a96e4a3d6d76e29811a0e6e",
                "sha256:994448ee01864501912abf2bad9203bffc34158e80fe8bfb5b031f4f8e16da51",
                "sha256:9cfd009eed1a46b27c14039ad5bbc5e71b6367c5b2e6d5f5da0ea91600817506",
                "sha256:a2ec4419a3fe6cf8a4795752596dfe0adb4aea40d3683a132bae9c30b81e8d73",
                "sha256:a4997716674d36a82eab3e86f8fa77080a5d8d96a389a61ea1d0e3a94a582cf7",
                "sha256:a512eed9dfd4117110b1881ba9a59b31433caed0c4101b361f768e7bcbaf93c5",
                "sha256:a82465ebbc9b1c5c50738536fdfa7cab639a261a99b469c9d4c7dcbb2b3f1e57",
                "sha256:ae2757ace61bc4061b69af19e4689fa4416e1a04840f33b441034202b5cd02d4",
                "sha256:b16582783f44fbca6fcf46f61347340c787d7530d88b4d590a397a47583f31dd",
                "sha256:ba2537ef2163db9e6ccdbeb6f6424282ae4dea43177402152c67ef869cf3978b",
                "sha256:bf7a89eef64b5455835f5ed30254ec19bf41f7541cd94f266ab7cbd463f00c41",
                "sha256:c0abb5e4e8ce71a61d9446040c1e86d4e6d23f9097275c5bd49ed978755ff0fe",
                "sha256:c414cbda77dbf13c3bc88b073a1a9f375c7b0cb5e115e15d4b73ec3a2fbc6f59",
                "sha256:c51edc3541e11fbe83f0c4d9412ef6c79f664a3745fab261457e84465ec9d5a8",
                "sha256:c5e69fd3eb0b409432b537fe3c6f44ac089c458ab6b78dcec14478422879ec5f",
                "sha256:c918b7a1e26b4ab40409820ddccc5d49871a82329640f5005f73572d5eaa9b5e",
                "sha256:c9bb87fdf2ab2370f21e4d5636e5317775e5d51ff32ebff2cf389f71b9b13750",
                "sha256:ca5b2028c2f7af4e13fb9fc29b28d0ce767c38c7facdf64f6c2cd040413055f1",
                "sha256:d0a07763776188b4db4c9c7fb1b8c494049f84659bb387b71c73bbc07f189e96",
                "sha256:d33a0021893ede5969876052796165bab6006559ab845fd7b515a30abdd990dc",
                "sha256:d55588cba7553f0b6ec33130bc3e114b355570b45785cebdc9daed8c637dd440",
                "sha256:dac8e84fff5d27420f3c1e879ce9929108e873667ec87e0c8eeb413a5311adfe",
                "sha256:eaef80eac3b4cfbdd6de53c6e108b4c534c21ae055d1dbea2de6b3b8ff3def38",
                "sha256:eb462f0e346fcf41a901a126b50f8781e9a474d3927930f3490f38a6e73b6950",
                "sha256:eb563dd3aea54c797adf513eeec819c4213d7dbfc311874eb4fd28d10f2ff0f2",
                "sha256:f273674b445bcb6e4409bf8d1be67bc4b58e8b46fd0d560055d515b8830063cd",
                "sha256:f6442f0f0ff81775eaa5b05af8a0ffa1dda36e9cf6ec1e0d3d245e8564b684ce",
                "sha256:fb168b5924bef397b5ba13aabd8cf5df7d3d93f10218d7b925e360d436863f66",
                "sha256:fbf8c2f00904eaf63ff37718eb13acf8e178cb940520e47b2f05027f5bb34ce3",
                "sha256:fe4ebef608553aff8deb845c7f4f1d0740ff76fa672c011cc0bacb2a00fbde86"
            ],
            "markers": "python_version >= '3.8'",
            "version": "==2024.7.24"
        },
        "requests": {
            "hashes": [
                "sha256:55365417734eb18255590a9ff9eb97e9e1da868d4ccd6402399eaf68af20a760",
                "sha256:70761cfe03c773ceb22aa2f671b4757976145175cdfca038c02654d061d6dcc6"
            ],
            "index": "pypi",
            "markers": "python_version >= '3.8'",
            "version": "==2.32.3"
        },
        "setuptools": {
            "hashes": [
                "sha256:5a03e1860cf56bb6ef48ce186b0e557fdba433237481a9a625176c2831be15d1",
                "sha256:8d243eff56d095e5817f796ede6ae32941278f542e0f941867cc05ae52b162ec"
            ],
            "markers": "python_version >= '3.8'",
            "version": "==72.1.0"
        },
        "shopifyapi": {
            "file": "git+https://github.com/Shopify/shopify_python_api.git",
            "git": "git+https://github.com/Shopify/shopify_python_api.git",
            "ref": "20c9be99f0dc424373c041a0141c4f0bda6aca4d"
        },
        "six": {
            "hashes": [
                "sha256:1e61c37477a1626458e36f7b1d82aa5c9b094fa4802892072e49de9c60c4c926",
                "sha256:8abb2f1d86890a2dfb989f9a77cfcfd3e47c2a354b01111771326f8aa26e0254"
            ],
            "markers": "python_version >= '2.7' and python_version not in '3.0, 3.1, 3.2, 3.3'",
            "version": "==1.16.0"
        },
        "sqlparse": {
            "hashes": [
                "sha256:773dcbf9a5ab44a090f3441e2180efe2560220203dc2f8c0b0fa141e18b505e4",
                "sha256:bb6b4df465655ef332548e24f08e205afc81b9ab86cb1c45657a7ff173a3a00e"
            ],
            "markers": "python_version >= '3.8'",
            "version": "==0.5.1"
        },
        "text-unidecode": {
            "hashes": [
                "sha256:1311f10e8b895935241623731c2ba64f4c455287888b18189350b67134a822e8",
                "sha256:bad6603bb14d279193107714b288be206cac565dfa49aa5b105294dd5c4aab93"
            ],
            "version": "==1.3"
        },
        "toml": {
            "hashes": [
                "sha256:806143ae5bfb6a3c6e736a764057db0e6a0e05e338b5630894a5f779cabb4f9b",
                "sha256:b3bda1d108d5dd99f4a20d24d9c348e91c4db7ab1b749200bded2f839ccbe68f"
            ],
            "index": "pypi",
            "markers": "python_version >= '2.6' and python_version not in '3.0, 3.1, 3.2, 3.3'",
            "version": "==0.10.2"
        },
        "tzlocal": {
            "hashes": [
                "sha256:49816ef2fe65ea8ac19d19aa7a1ae0551c834303d5014c6d5a62e4cbda8047b8",
                "sha256:8d399205578f1a9342816409cc1e46a93ebd5755e39ea2d85334bea911bf0e6e"
            ],
            "markers": "python_version >= '3.8'",
            "version": "==5.2"
        },
        "urllib3": {
            "hashes": [
                "sha256:a448b2f64d686155468037e1ace9f2d2199776e17f0a46610480d311f73e3472",
                "sha256:dd505485549a7a552833da5e6063639d0d177c04f23bc3864e41e5dc5f612168"
            ],
            "markers": "python_version >= '3.8'",
            "version": "==2.2.2"
        },
        "us": {
            "hashes": [
                "sha256:571714ad6d473c72bbd2058a53404cdf4ecc0129e4f19adfcbeb4e2d7e3dc3e7",
                "sha256:cb223e85393dcc5171ead0dd212badc47f9667b23700fea3e7ea5f310d545338"
            ],
            "index": "pypi",
            "markers": "python_version >= '3.8'",
            "version": "==3.2.0"
        },
        "whitenoise": {
            "hashes": [
                "sha256:58c7a6cd811e275a6c91af22e96e87da0b1109e9a53bb7464116ef4c963bf636",
                "sha256:a1ae85e01fdc9815d12fa33f17765bc132ed2c54fa76daf9e39e879dd93566f6"
            ],
            "index": "pypi",
            "markers": "python_version >= '3.8'",
            "version": "==6.7.0"
        }
    },
    "develop": {}
}
